{
  "name": "primeicons",
  "version": "6.0.1",
  "lockfileVersion": 3,
  "requires": true,
  "packages": {
    "": {
      "name": "primeicons",
      "version": "6.0.1",
      "license": "MIT",
      "dependencies": {
        "primeicons": "file:"
      }
    },
    "node_modules/primeicons": {
      "resolved": "",
      "link": true
    }
  }
}
